
Microsoft Visual Studio Solution File, Format Version 12.00
# Visual Studio Version 16
VisualStudioVersion = 16.0.32126.315
MinimumVisualStudioVersion = 10.0.40219.1
Project("{FAE04EC0-301F-11D3-BF4B-00C04F79EFBC}") = "TakeNoteWebsite", "TakeNoteWebsite.csproj", "{8EE50093-78ED-4A8C-8A3F-62245C8987CE}"
EndProject
Global
	GlobalSection(SolutionConfigurationPlatforms) = preSolution
		Debug|Any CPU = Debug|Any CPU
		Release|Any CPU = Release|Any CPU
	EndGlobalSection
	GlobalSection(ProjectConfigurationPlatforms) = postSolution
		{8EE50093-78ED-4A8C-8A3F-62245C8987CE}.Debug|Any CPU.ActiveCfg = Debug|Any CPU
		{8EE50093-78ED-4A8C-8A3F-62245C8987CE}.Debug|Any CPU.Build.0 = Debug|Any CPU
		{8EE50093-78ED-4A8C-8A3F-62245C8987CE}.Release|Any CPU.ActiveCfg = Release|Any CPU
		{8EE50093-78ED-4A8C-8A3F-62245C8987CE}.Release|Any CPU.Build.0 = Release|Any CPU
	EndGlobalSection
	GlobalSection(SolutionProperties) = preSolution
		HideSolutionNode = FALSE
	EndGlobalSection
	GlobalSection(ExtensibilityGlobals) = postSolution
		SolutionGuid = {99DEE5B0-F616-404D-BBEC-1EE2677D00B7}
	EndGlobalSection
EndGlobal
